<?xml version="1.0" encoding="utf-8"?>
<Project ToolsVersion="4.0" xmlns="http://schemas.microsoft.com/developer/msbuild/2003">
  <ItemGroup>
    <ClInclude Include="__vm\.Yusaino.Board.vsarduino.h" />
    <ClInclude Include="sounddata.h" />
  </ItemGroup>
  <ItemGroup>
    <None Include="Yusaino.Board.ino" />
    <None Include="sounddata.ino" />
  </ItemGroup>
</Project>